
Microsoft Visual Studio Solution File, Format Version 12.00
# Visual Studio 15
VisualStudioVersion = 15.0.28307.1000
MinimumVisualStudioVersion = 10.0.40219.1
Project("{2150E333-8FDC-42A3-9474-1A3956D46DE8}") = "Server", "Server", "{F6D5860E-9C1A-412F-8CD1-9AA377BB916C}"
EndProject
Project("{2150E333-8FDC-42A3-9474-1A3956D46DE8}") = "Client", "Client", "{9D32190F-BE57-4857-A75A-53305E76AE9B}"
EndProject
Project("{2150E333-8FDC-42A3-9474-1A3956D46DE8}") = "API", "API", "{C6E8F232-6EA8-43CA-B5DB-741065BC5486}"
EndProject
Project("{2150E333-8FDC-42A3-9474-1A3956D46DE8}") = "Plugins", "Plugins", "{7C72DDC8-EC21-4551-9666-43BBA3AD0B0E}"
EndProject
Project("{8BC9CEB8-8B4A-11D0-8D11-00A0C91BC942}") = "Virtual_Tabletop_API_Windows", "VS2017\Virtual_Tabletop_API_Windows\Virtual_Tabletop_API_Windows.vcxproj", "{6C227339-CBA1-49AD-85F6-19380965457F}"
EndProject
Project("{8BC9CEB8-8B4A-11D0-8D11-00A0C91BC942}") = "Server_Windows", "VS2017\Server_Windows\Server_Windows.vcxproj", "{07A26220-C905-40EC-B2AF-0A993A9C6064}"
EndProject
Project("{8BC9CEB8-8B4A-11D0-8D11-00A0C91BC942}") = "Server_Linux", "Linux\Server_Linux\Server_Linux.vcxproj", "{4E608532-4B8E-452B-ACDC-5F4EE6BC9D6E}"
EndProject
Project("{8BC9CEB8-8B4A-11D0-8D11-00A0C91BC942}") = "Virtual_Tabletop_API_Linux", "Linux\Virtual_Tabletop_API_Linux\Virtual_Tabletop_API_Linux.vcxproj", "{03B48C03-3286-4561-ACB6-1B67D1A3DB4F}"
EndProject
Project("{8BC9CEB8-8B4A-11D0-8D11-00A0C91BC942}") = "Client_Windows", "VS2017\Client_Windows\Client_Windows.vcxproj", "{8134F7ED-B919-4F1F-9A69-69B932F4AD13}"
EndProject
Project("{8BC9CEB8-8B4A-11D0-8D11-00A0C91BC942}") = "Client_Linux", "Linux\Client_Linux\Client_Linux.vcxproj", "{FF3A3165-0D40-454E-9FDB-FD030A5FB109}"
EndProject
Global
	GlobalSection(SolutionConfigurationPlatforms) = preSolution
		Debug|ARM = Debug|ARM
		Debug|ARM64 = Debug|ARM64
		Debug|x64 = Debug|x64
		Debug|x86 = Debug|x86
		Release|ARM = Release|ARM
		Release|ARM64 = Release|ARM64
		Release|x64 = Release|x64
		Release|x86 = Release|x86
	EndGlobalSection
	GlobalSection(ProjectConfigurationPlatforms) = postSolution
		{6C227339-CBA1-49AD-85F6-19380965457F}.Debug|ARM.ActiveCfg = Debug|x64
		{6C227339-CBA1-49AD-85F6-19380965457F}.Debug|ARM64.ActiveCfg = Debug|x64
		{6C227339-CBA1-49AD-85F6-19380965457F}.Debug|x64.ActiveCfg = Debug|x64
		{6C227339-CBA1-49AD-85F6-19380965457F}.Debug|x64.Build.0 = Debug|x64
		{6C227339-CBA1-49AD-85F6-19380965457F}.Debug|x86.ActiveCfg = Debug|x64
		{6C227339-CBA1-49AD-85F6-19380965457F}.Release|ARM.ActiveCfg = Release|x64
		{6C227339-CBA1-49AD-85F6-19380965457F}.Release|ARM64.ActiveCfg = Release|x64
		{6C227339-CBA1-49AD-85F6-19380965457F}.Release|x64.ActiveCfg = Release|x64
		{6C227339-CBA1-49AD-85F6-19380965457F}.Release|x64.Build.0 = Release|x64
		{6C227339-CBA1-49AD-85F6-19380965457F}.Release|x86.ActiveCfg = Release|x64
		{07A26220-C905-40EC-B2AF-0A993A9C6064}.Debug|ARM.ActiveCfg = Debug|x64
		{07A26220-C905-40EC-B2AF-0A993A9C6064}.Debug|ARM64.ActiveCfg = Debug|x64
		{07A26220-C905-40EC-B2AF-0A993A9C6064}.Debug|x64.ActiveCfg = Debug|x64
		{07A26220-C905-40EC-B2AF-0A993A9C6064}.Debug|x64.Build.0 = Debug|x64
		{07A26220-C905-40EC-B2AF-0A993A9C6064}.Debug|x86.ActiveCfg = Debug|x64
		{07A26220-C905-40EC-B2AF-0A993A9C6064}.Release|ARM.ActiveCfg = Release|x64
		{07A26220-C905-40EC-B2AF-0A993A9C6064}.Release|ARM64.ActiveCfg = Release|x64
		{07A26220-C905-40EC-B2AF-0A993A9C6064}.Release|x64.ActiveCfg = Release|x64
		{07A26220-C905-40EC-B2AF-0A993A9C6064}.Release|x64.Build.0 = Release|x64
		{07A26220-C905-40EC-B2AF-0A993A9C6064}.Release|x86.ActiveCfg = Release|x64
		{4E608532-4B8E-452B-ACDC-5F4EE6BC9D6E}.Debug|ARM.ActiveCfg = Debug|x64
		{4E608532-4B8E-452B-ACDC-5F4EE6BC9D6E}.Debug|ARM64.ActiveCfg = Debug|x64
		{4E608532-4B8E-452B-ACDC-5F4EE6BC9D6E}.Debug|x64.ActiveCfg = Debug|x64
		{4E608532-4B8E-452B-ACDC-5F4EE6BC9D6E}.Debug|x64.Build.0 = Debug|x64
		{4E608532-4B8E-452B-ACDC-5F4EE6BC9D6E}.Debug|x86.ActiveCfg = Debug|x64
		{4E608532-4B8E-452B-ACDC-5F4EE6BC9D6E}.Release|ARM.ActiveCfg = Release|x64
		{4E608532-4B8E-452B-ACDC-5F4EE6BC9D6E}.Release|ARM64.ActiveCfg = Release|x64
		{4E608532-4B8E-452B-ACDC-5F4EE6BC9D6E}.Release|x64.ActiveCfg = Release|x64
		{4E608532-4B8E-452B-ACDC-5F4EE6BC9D6E}.Release|x64.Build.0 = Release|x64
		{4E608532-4B8E-452B-ACDC-5F4EE6BC9D6E}.Release|x86.ActiveCfg = Release|x64
		{03B48C03-3286-4561-ACB6-1B67D1A3DB4F}.Debug|ARM.ActiveCfg = Debug|x64
		{03B48C03-3286-4561-ACB6-1B67D1A3DB4F}.Debug|ARM64.ActiveCfg = Debug|x64
		{03B48C03-3286-4561-ACB6-1B67D1A3DB4F}.Debug|x64.ActiveCfg = Debug|x64
		{03B48C03-3286-4561-ACB6-1B67D1A3DB4F}.Debug|x64.Build.0 = Debug|x64
		{03B48C03-3286-4561-ACB6-1B67D1A3DB4F}.Debug|x86.ActiveCfg = Debug|x64
		{03B48C03-3286-4561-ACB6-1B67D1A3DB4F}.Release|ARM.ActiveCfg = Release|x64
		{03B48C03-3286-4561-ACB6-1B67D1A3DB4F}.Release|ARM64.ActiveCfg = Release|x64
		{03B48C03-3286-4561-ACB6-1B67D1A3DB4F}.Release|x64.ActiveCfg = Release|x64
		{03B48C03-3286-4561-ACB6-1B67D1A3DB4F}.Release|x64.Build.0 = Release|x64
		{03B48C03-3286-4561-ACB6-1B67D1A3DB4F}.Release|x86.ActiveCfg = Release|x64
		{8134F7ED-B919-4F1F-9A69-69B932F4AD13}.Debug|ARM.ActiveCfg = Debug|Win32
		{8134F7ED-B919-4F1F-9A69-69B932F4AD13}.Debug|ARM64.ActiveCfg = Debug|Win32
		{8134F7ED-B919-4F1F-9A69-69B932F4AD13}.Debug|x64.ActiveCfg = Debug|x64
		{8134F7ED-B919-4F1F-9A69-69B932F4AD13}.Debug|x64.Build.0 = Debug|x64
		{8134F7ED-B919-4F1F-9A69-69B932F4AD13}.Debug|x86.ActiveCfg = Debug|Win32
		{8134F7ED-B919-4F1F-9A69-69B932F4AD13}.Debug|x86.Build.0 = Debug|Win32
		{8134F7ED-B919-4F1F-9A69-69B932F4AD13}.Release|ARM.ActiveCfg = Release|Win32
		{8134F7ED-B919-4F1F-9A69-69B932F4AD13}.Release|ARM64.ActiveCfg = Release|Win32
		{8134F7ED-B919-4F1F-9A69-69B932F4AD13}.Release|x64.ActiveCfg = Release|x64
		{8134F7ED-B919-4F1F-9A69-69B932F4AD13}.Release|x64.Build.0 = Release|x64
		{8134F7ED-B919-4F1F-9A69-69B932F4AD13}.Release|x86.ActiveCfg = Release|Win32
		{8134F7ED-B919-4F1F-9A69-69B932F4AD13}.Release|x86.Build.0 = Release|Win32
		{FF3A3165-0D40-454E-9FDB-FD030A5FB109}.Debug|ARM.ActiveCfg = Debug|ARM
		{FF3A3165-0D40-454E-9FDB-FD030A5FB109}.Debug|ARM.Build.0 = Debug|ARM
		{FF3A3165-0D40-454E-9FDB-FD030A5FB109}.Debug|ARM64.ActiveCfg = Debug|ARM64
		{FF3A3165-0D40-454E-9FDB-FD030A5FB109}.Debug|ARM64.Build.0 = Debug|ARM64
		{FF3A3165-0D40-454E-9FDB-FD030A5FB109}.Debug|x64.ActiveCfg = Debug|x64
		{FF3A3165-0D40-454E-9FDB-FD030A5FB109}.Debug|x64.Build.0 = Debug|x64
		{FF3A3165-0D40-454E-9FDB-FD030A5FB109}.Debug|x86.ActiveCfg = Debug|x86
		{FF3A3165-0D40-454E-9FDB-FD030A5FB109}.Debug|x86.Build.0 = Debug|x86
		{FF3A3165-0D40-454E-9FDB-FD030A5FB109}.Release|ARM.ActiveCfg = Release|ARM
		{FF3A3165-0D40-454E-9FDB-FD030A5FB109}.Release|ARM.Build.0 = Release|ARM
		{FF3A3165-0D40-454E-9FDB-FD030A5FB109}.Release|ARM64.ActiveCfg = Release|ARM64
		{FF3A3165-0D40-454E-9FDB-FD030A5FB109}.Release|ARM64.Build.0 = Release|ARM64
		{FF3A3165-0D40-454E-9FDB-FD030A5FB109}.Release|x64.ActiveCfg = Release|x64
		{FF3A3165-0D40-454E-9FDB-FD030A5FB109}.Release|x64.Build.0 = Release|x64
		{FF3A3165-0D40-454E-9FDB-FD030A5FB109}.Release|x86.ActiveCfg = Release|x86
		{FF3A3165-0D40-454E-9FDB-FD030A5FB109}.Release|x86.Build.0 = Release|x86
	EndGlobalSection
	GlobalSection(SolutionProperties) = preSolution
		HideSolutionNode = FALSE
	EndGlobalSection
	GlobalSection(NestedProjects) = preSolution
		{6C227339-CBA1-49AD-85F6-19380965457F} = {C6E8F232-6EA8-43CA-B5DB-741065BC5486}
		{07A26220-C905-40EC-B2AF-0A993A9C6064} = {F6D5860E-9C1A-412F-8CD1-9AA377BB916C}
		{4E608532-4B8E-452B-ACDC-5F4EE6BC9D6E} = {F6D5860E-9C1A-412F-8CD1-9AA377BB916C}
		{03B48C03-3286-4561-ACB6-1B67D1A3DB4F} = {C6E8F232-6EA8-43CA-B5DB-741065BC5486}
		{8134F7ED-B919-4F1F-9A69-69B932F4AD13} = {9D32190F-BE57-4857-A75A-53305E76AE9B}
		{FF3A3165-0D40-454E-9FDB-FD030A5FB109} = {9D32190F-BE57-4857-A75A-53305E76AE9B}
	EndGlobalSection
	GlobalSection(ExtensibilityGlobals) = postSolution
		SolutionGuid = {FCC5893D-243E-4D89-972D-09A82B833F56}
	EndGlobalSection
EndGlobal
