<?xml version="1.0" encoding="utf-8"?>
<Project ToolsVersion="4.0" xmlns="http://schemas.microsoft.com/developer/msbuild/2003">
  <ItemGroup>
    <Filter Include="Header Files">
      <UniqueIdentifier>{66677ccd-818c-4c56-9eb4-9c7a39252b43}</UniqueIdentifier>
    </Filter>
    <Filter Include="Source Files">
      <UniqueIdentifier>{133c207c-4213-4e79-a023-1859ff7a0ed9}</UniqueIdentifier>
    </Filter>
    <Filter Include="Header Files\Core">
      <UniqueIdentifier>{52ff1f48-5e4a-4f6c-854c-2f927e982bb7}</UniqueIdentifier>
    </Filter>
    <Filter Include="Source Files\Core">
      <UniqueIdentifier>{193fa574-277e-4c3d-9f2e-c5edf43e8f27}</UniqueIdentifier>
    </Filter>
  </ItemGroup>
  <ItemGroup>
    <ClInclude Include="..\..\Virtual_Tabletop_API\Include\Core\Core.h">
      <Filter>Header Files\Core</Filter>
    </ClInclude>
    <ClInclude Include="..\..\Virtual_Tabletop_API\Include\Core\Application.h">
      <Filter>Header Files\Core</Filter>
    </ClInclude>
    <ClInclude Include="..\..\Virtual_Tabletop_API\Include\Core\Log.h">
      <Filter>Header Files\Core</Filter>
    </ClInclude>
  </ItemGroup>
  <ItemGroup>
    <ClCompile Include="..\..\Virtual_Tabletop_API\Source\Core\Log.cpp">
      <Filter>Source Files\Core</Filter>
    </ClCompile>
  </ItemGroup>
</Project>